
Microsoft Visual Studio Solution File, Format Version 12.00
# Visual Studio 14
VisualStudioVersion = 14.0.25123.0
MinimumVisualStudioVersion = 10.0.40219.1
Project("{FAE04EC0-301F-11D3-BF4B-00C04F79EFBC}") = "BlueCloud.SDK", "BlueCloud.SDK.csproj", "{2B020854-CC25-4369-8773-DEA6229BD6E1}"
EndProject
Project("{2150E333-8FDC-42A3-9474-1A3956D46DE8}") = "Test", "Test", "{48B66099-E46C-4B53-A11D-BE27AECCCCE7}"
EndProject
Project("{FAE04EC0-301F-11D3-BF4B-00C04F79EFBC}") = "BlueCloud.SDK.Text", "..\BlueCloud.SDK.Text\BlueCloud.SDK.Text.csproj", "{97C2B32F-6413-4A0D-B256-88143C030A95}"
EndProject
Global
	GlobalSection(SolutionConfigurationPlatforms) = preSolution
		Debug|Any CPU = Debug|Any CPU
		Release|Any CPU = Release|Any CPU
	EndGlobalSection
	GlobalSection(ProjectConfigurationPlatforms) = postSolution
		{2B020854-CC25-4369-8773-DEA6229BD6E1}.Debug|Any CPU.ActiveCfg = Debug|Any CPU
		{2B020854-CC25-4369-8773-DEA6229BD6E1}.Debug|Any CPU.Build.0 = Debug|Any CPU
		{2B020854-CC25-4369-8773-DEA6229BD6E1}.Release|Any CPU.ActiveCfg = Release|Any CPU
		{2B020854-CC25-4369-8773-DEA6229BD6E1}.Release|Any CPU.Build.0 = Release|Any CPU
		{97C2B32F-6413-4A0D-B256-88143C030A95}.Debug|Any CPU.ActiveCfg = Debug|Any CPU
		{97C2B32F-6413-4A0D-B256-88143C030A95}.Debug|Any CPU.Build.0 = Debug|Any CPU
		{97C2B32F-6413-4A0D-B256-88143C030A95}.Release|Any CPU.ActiveCfg = Release|Any CPU
		{97C2B32F-6413-4A0D-B256-88143C030A95}.Release|Any CPU.Build.0 = Release|Any CPU
	EndGlobalSection
	GlobalSection(SolutionProperties) = preSolution
		HideSolutionNode = FALSE
	EndGlobalSection
	GlobalSection(NestedProjects) = preSolution
		{97C2B32F-6413-4A0D-B256-88143C030A95} = {48B66099-E46C-4B53-A11D-BE27AECCCCE7}
	EndGlobalSection
EndGlobal
